{
    __meta__ = {
        version = "1.0"
    },
    ["windows|x64"] = {
        ["bmk#f56260b5"] = {
            repo = {
                commit = "518c1acc454b6f5db48f6fe5dfaf942e1c3d7075",
                url = "https://github.com/gabriel-andreescu/BethesdaModKit.git"
            },
            version = "latest"
        },
        ["caprica#f56260b5"] = {
            repo = {
                commit = "518c1acc454b6f5db48f6fe5dfaf942e1c3d7075",
                url = "https://github.com/gabriel-andreescu/BethesdaModKit.git"
            },
            version = "2026.9.17"
        },
        ["clib-util 1.5.0#f56260b5"] = {
            repo = {
                commit = "518c1acc454b6f5db48f6fe5dfaf942e1c3d7075",
                url = "https://github.com/gabriel-andreescu/BethesdaModKit.git"
            },
            version = "1.5.0"
        },
        ["cmake#f56260b5"] = {
            repo = {
                branch = "master",
                commit = "0c36ce5133b2d03d11c7402ba8bd187d2ad5b6e9",
                url = "https://github.com/xmake-io/xmake-repo.git"
            },
            version = "4.3.4"
        },
        ["commonlibsse-ng 8.0.1#f56260b5"] = {
            repo = {
                commit = "518c1acc454b6f5db48f6fe5dfaf942e1c3d7075",
                url = "https://github.com/gabriel-andreescu/BethesdaModKit.git"
            },
            version = "8.0.1"
        },
        ["devbench-api 2026.09.13#f56260b5"] = {
            repo = {
                commit = "518c1acc454b6f5db48f6fe5dfaf942e1c3d7075",
                url = "https://github.com/gabriel-andreescu/BethesdaModKit.git"
            },
            version = "2026.09.13"
        },
        ["directxmath 2024.02#f56260b5"] = {
            repo = {
                branch = "master",
                commit = "0c36ce5133b2d03d11c7402ba8bd187d2ad5b6e9",
                url = "https://github.com/xmake-io/xmake-repo.git"
            },
            version = "2024.02"
        },
        ["directxtk 24.2.0#f56260b5"] = {
            repo = {
                branch = "master",
                commit = "0c36ce5133b2d03d11c7402ba8bd187d2ad5b6e9",
                url = "https://github.com/xmake-io/xmake-repo.git"
            },
            version = "24.2.0"
        },
        ["ffdec 26.3.0#f56260b5"] = {
            repo = {
                commit = "518c1acc454b6f5db48f6fe5dfaf942e1c3d7075",
                url = "https://github.com/gabriel-andreescu/BethesdaModKit.git"
            },
            version = "26.3.0"
        },
        ["mcm-helper-sdk 1.6.3#f56260b5"] = {
            repo = {
                commit = "518c1acc454b6f5db48f6fe5dfaf942e1c3d7075",
                url = "https://github.com/gabriel-andreescu/BethesdaModKit.git"
            },
            version = "1.6.3"
        },
        ["ninja#f56260b5"] = {
            repo = {
                branch = "master",
                commit = "0c36ce5133b2d03d11c7402ba8bd187d2ad5b6e9",
                url = "https://github.com/xmake-io/xmake-repo.git"
            },
            version = "v1.13.2"
        },
        ["openjdk 21.0.10#f56260b5"] = {
            repo = {
                branch = "master",
                commit = "0c36ce5133b2d03d11c7402ba8bd187d2ad5b6e9",
                url = "https://github.com/xmake-io/xmake-repo.git"
            },
            version = "21.0.10"
        },
        ["papyrus-extender-sse-sources 81e4c6b7#f56260b5"] = {
            repo = {
                commit = "518c1acc454b6f5db48f6fe5dfaf942e1c3d7075",
                url = "https://github.com/gabriel-andreescu/BethesdaModKit.git"
            },
            version = "81e4c6b7"
        },
        ["rapidcsv v8.92#f56260b5"] = {
            repo = {
                branch = "master",
                commit = "0c36ce5133b2d03d11c7402ba8bd187d2ad5b6e9",
                url = "https://github.com/xmake-io/xmake-repo.git"
            },
            version = "v8.92"
        },
        ["skse-papyrus-sources 2.0.20#f56260b5"] = {
            repo = {
                commit = "518c1acc454b6f5db48f6fe5dfaf942e1c3d7075",
                url = "https://github.com/gabriel-andreescu/BethesdaModKit.git"
            },
            version = "2.0.20"
        },
        ["skyrim-papyrus-sdk#ae2a1e71"] = {
            repo = {
                commit = "518c1acc454b6f5db48f6fe5dfaf942e1c3d7075",
                url = "https://github.com/gabriel-andreescu/BethesdaModKit.git"
            },
            version = "latest"
        },
        ["skyrim-papyrus-sources ec822650#f56260b5"] = {
            repo = {
                commit = "518c1acc454b6f5db48f6fe5dfaf942e1c3d7075",
                url = "https://github.com/gabriel-andreescu/BethesdaModKit.git"
            },
            version = "ec822650"
        },
        ["spdlog v1.16.0#09c8c173"] = {
            repo = {
                branch = "master",
                commit = "0c36ce5133b2d03d11c7402ba8bd187d2ad5b6e9",
                url = "https://github.com/xmake-io/xmake-repo.git"
            },
            version = "v1.16.0"
        },
        ["xbyak v7.06#f56260b5"] = {
            repo = {
                branch = "master",
                commit = "0c36ce5133b2d03d11c7402ba8bd187d2ad5b6e9",
                url = "https://github.com/xmake-io/xmake-repo.git"
            },
            version = "v7.06"
        }
    }
}